
Microsoft Visual Studio Solution File, Format Version 12.00
# Visual Studio Version 17
VisualStudioVersion = 17.11.35327.3
MinimumVisualStudioVersion = 10.0.40219.1
Project("{8BC9CEB8-8B4A-11D0-8D11-00A0C91BC942}") = "FSB_Tool", "FSB_Tool.vcxproj", "{342BF470-5D61-4955-915D-59A0007F1229}"
EndProject
Global
	GlobalSection(SolutionConfigurationPlatforms) = preSolution
		Debug|x64 = Debug|x64
		Debug|x86 = Debug|x86
		Release|x64 = Release|x64
		Release|x86 = Release|x86
	EndGlobalSection
	GlobalSection(ProjectConfigurationPlatforms) = postSolution
		{342BF470-5D61-4955-915D-59A0007F1229}.Debug|x64.ActiveCfg = Debug|x64
		{342BF470-5D61-4955-915D-59A0007F1229}.Debug|x64.Build.0 = Debug|x64
		{342BF470-5D61-4955-915D-59A0007F1229}.Debug|x86.ActiveCfg = Debug|Win32
		{342BF470-5D61-4955-915D-59A0007F1229}.Debug|x86.Build.0 = Debug|Win32
		{342BF470-5D61-4955-915D-59A0007F1229}.Release|x64.ActiveCfg = Release|x64
		{342BF470-5D61-4955-915D-59A0007F1229}.Release|x64.Build.0 = Release|x64
		{342BF470-5D61-4955-915D-59A0007F1229}.Release|x86.ActiveCfg = Release|Win32
		{342BF470-5D61-4955-915D-59A0007F1229}.Release|x86.Build.0 = Release|Win32
	EndGlobalSection
	GlobalSection(SolutionProperties) = preSolution
		HideSolutionNode = FALSE
	EndGlobalSection
	GlobalSection(ExtensibilityGlobals) = postSolution
		SolutionGuid = {01BDE904-AB9A-499C-A946-5E2AF222024A}
	EndGlobalSection
EndGlobal
